Microsoft Visual Studio Solution File, Format Version 11.00
# Visual Studio 2008

Project("{1898F2A9-F7A6-B48B-F3F7-F87371DE480D}") = "SlowMotion-P2", "Assembly-CSharp-firstpass.csproj", "{05C05BD7-09A5-8EDB-38B7-8D6B1FD37363}"
EndProject
Project("{1898F2A9-F7A6-B48B-F3F7-F87371DE480D}") = "SlowMotion-P2", "Assembly-CSharp.csproj", "{8005AEED-94F2-7C19-4018-8CC5ABDE1132}"
EndProject
Project("{1898F2A9-F7A6-B48B-F3F7-F87371DE480D}") = "SlowMotion-P2", "Assembly-UnityScript-firstpass.unityproj", "{60E18214-2501-6AC3-C805-58CDA9B2EBA9}"
EndProject
Global
	GlobalSection(SolutionConfigurationPlatforms) = preSolution
		Debug|Any CPU = Debug|Any CPU
		Release|Any CPU = Release|Any CPU
	EndGlobalSection
	GlobalSection(ProjectConfigurationPlatforms) = postSolution
		{05C05BD7-09A5-8EDB-38B7-8D6B1FD37363}.Debug|Any CPU.ActiveCfg = Debug|Any CPU
		{05C05BD7-09A5-8EDB-38B7-8D6B1FD37363}.Debug|Any CPU.Build.0 = Debug|Any CPU
		{05C05BD7-09A5-8EDB-38B7-8D6B1FD37363}.Release|Any CPU.ActiveCfg = Release|Any CPU
		{05C05BD7-09A5-8EDB-38B7-8D6B1FD37363}.Release|Any CPU.Build.0 = Release|Any CPU
		{8005AEED-94F2-7C19-4018-8CC5ABDE1132}.Debug|Any CPU.ActiveCfg = Debug|Any CPU
		{8005AEED-94F2-7C19-4018-8CC5ABDE1132}.Debug|Any CPU.Build.0 = Debug|Any CPU
		{8005AEED-94F2-7C19-4018-8CC5ABDE1132}.Release|Any CPU.ActiveCfg = Release|Any CPU
		{8005AEED-94F2-7C19-4018-8CC5ABDE1132}.Release|Any CPU.Build.0 = Release|Any CPU
		{60E18214-2501-6AC3-C805-58CDA9B2EBA9}.Debug|Any CPU.ActiveCfg = Debug|Any CPU
		{60E18214-2501-6AC3-C805-58CDA9B2EBA9}.Debug|Any CPU.Build.0 = Debug|Any CPU
		{60E18214-2501-6AC3-C805-58CDA9B2EBA9}.Release|Any CPU.ActiveCfg = Release|Any CPU
		{60E18214-2501-6AC3-C805-58CDA9B2EBA9}.Release|Any CPU.Build.0 = Release|Any CPU
	EndGlobalSection
	GlobalSection(SolutionProperties) = preSolution
		HideSolutionNode = FALSE
	EndGlobalSection
																							GlobalSection(MonoDevelopProperties) = preSolution
		StartupItem = Assembly-CSharp.csproj
		Policies = $0
		$0.TextStylePolicy = $1
		$1.inheritsSet = null
		$1.scope = text/x-csharp
		$0.CSharpFormattingPolicy = $2
		$2.inheritsSet = Mono
		$2.inheritsScope = text/x-csharp
		$2.scope = text/x-csharp
		$0.TextStylePolicy = $3
		$3.FileWidth = 120
		$3.TabWidth = 4
		$3.EolMarker = Unix
		$3.inheritsSet = Mono
		$3.inheritsScope = text/plain
		$3.scope = text/plain
	EndGlobalSection

EndGlobal
